// !$*UTF8*$!
{
	archiveVersion = 1;
	classes = {
	};
	objectVersion = 56;
	objects = {

/* Begin PBXBuildFile section */
		28577CC32A2566630084D5C7 /* GetLocation.swift in Sources */ = {isa = PBXBuildFile; fileRef = 28577CC22A2566630084D5C7 /* GetLocation.swift */; };
		28577CC82A2569330084D5C7 /* GirisView.swift in Sources */ = {isa = PBXBuildFile; fileRef = 28577CC72A2569330084D5C7 /* GirisView.swift */; };
		28577CCA2A25727A0084D5C7 /* LoadingView.swift in Sources */ = {isa = PBXBuildFile; fileRef = 28577CC92A25727A0084D5C7 /* LoadingView.swift */; };
		28577CCC2A2573FC0084D5C7 /* APIManager.swift in Sources */ = {isa = PBXBuildFile; fileRef = 28577CCB2A2573FC0084D5C7 /* APIManager.swift */; };
		28577CCE2A25C9ED0084D5C7 /* WeatherView.swift in Sources */ = {isa = PBXBuildFile; fileRef = 28577CCD2A25C9ED0084D5C7 /* WeatherView.swift */; };
		28577CD02A25CA660084D5C7 /* ModelData.swift in Sources */ = {isa = PBXBuildFile; fileRef = 28577CCF2A25CA660084D5C7 /* ModelData.swift */; };
		28577CD22A25CB360084D5C7 /* weatherData.json in Resources */ = {isa = PBXBuildFile; fileRef = 28577CD12A25CB360084D5C7 /* weatherData.json */; };
		28577CD42A25CF710084D5C7 /* Extensions.swift in Sources */ = {isa = PBXBuildFile; fileRef = 28577CD32A25CF710084D5C7 /* Extensions.swift */; };
		28577CD72A25E24A0084D5C7 /* WeatherInfoBlock.swift in Sources */ = {isa = PBXBuildFile; fileRef = 28577CD62A25E24A0084D5C7 /* WeatherInfoBlock.swift */; };
		286009552A1E295600DF1548 /* WeatherAppApp.swift in Sources */ = {isa = PBXBuildFile; fileRef = 286009542A1E295600DF1548 /* WeatherAppApp.swift */; };
		286009572A1E295600DF1548 /* ContentView.swift in Sources */ = {isa = PBXBuildFile; fileRef = 286009562A1E295600DF1548 /* ContentView.swift */; };
		286009592A1E295800DF1548 /* Assets.xcassets in Resources */ = {isa = PBXBuildFile; fileRef = 286009582A1E295800DF1548 /* Assets.xcassets */; };
		2860095C2A1E295800DF1548 /* Preview Assets.xcassets in Resources */ = {isa = PBXBuildFile; fileRef = 2860095B2A1E295800DF1548 /* Preview Assets.xcassets */; };
/* End PBXBuildFile section */

/* Begin PBXFileReference section */
		28577CC22A2566630084D5C7 /* GetLocation.swift */ = {isa = PBXFileReference; lastKnownFileType = sourcecode.swift; path = GetLocation.swift; sourceTree = "<group>"; };
		28577CC72A2569330084D5C7 /* GirisView.swift */ = {isa = PBXFileReference; lastKnownFileType = sourcecode.swift; path = GirisView.swift; sourceTree = "<group>"; };
		28577CC92A25727A0084D5C7 /* LoadingView.swift */ = {isa = PBXFileReference; lastKnownFileType = sourcecode.swift; path = LoadingView.swift; sourceTree = "<group>"; };
		28577CCB2A2573FC0084D5C7 /* APIManager.swift */ = {isa = PBXFileReference; lastKnownFileType = sourcecode.swift; path = APIManager.swift; sourceTree = "<group>"; };
		28577CCD2A25C9ED0084D5C7 /* WeatherView.swift */ = {isa = PBXFileReference; lastKnownFileType = sourcecode.swift; path = WeatherView.swift; sourceTree = "<group>"; };
		28577CCF2A25CA660084D5C7 /* ModelData.swift */ = {isa = PBXFileReference; lastKnownFileType = sourcecode.swift; path = ModelData.swift; sourceTree = "<group>"; };
		28577CD12A25CB360084D5C7 /* weatherData.json */ = {isa = PBXFileReference; lastKnownFileType = text.json; path = weatherData.json; sourceTree = "<group>"; };
		28577CD32A25CF710084D5C7 /* Extensions.swift */ = {isa = PBXFileReference; lastKnownFileType = sourcecode.swift; path = Extensions.swift; sourceTree = "<group>"; };
		28577CD62A25E24A0084D5C7 /* WeatherInfoBlock.swift */ = {isa = PBXFileReference; lastKnownFileType = sourcecode.swift; path = WeatherInfoBlock.swift; sourceTree = "<group>"; };
		286009512A1E295600DF1548 /* WeatherApp.app */ = {isa = PBXFileReference; explicitFileType = wrapper.application; includeInIndex = 0; path = WeatherApp.app; sourceTree = BUILT_PRODUCTS_DIR; };
		286009542A1E295600DF1548 /* WeatherAppApp.swift */ = {isa = PBXFileReference; lastKnownFileType = sourcecode.swift; path = WeatherAppApp.swift; sourceTree = "<group>"; };
		286009562A1E295600DF1548 /* ContentView.swift */ = {isa = PBXFileReference; lastKnownFileType = sourcecode.swift; path = ContentView.swift; sourceTree = "<group>"; };
		286009582A1E295800DF1548 /* Assets.xcassets */ = {isa = PBXFileReference; lastKnownFileType = folder.assetcatalog; path = Assets.xcassets; sourceTree = "<group>"; };
		2860095B2A1E295800DF1548 /* Preview Assets.xcassets */ = {isa = PBXFileReference; lastKnownFileType = folder.assetcatalog; path = "Preview Assets.xcassets"; sourceTree = "<group>"; };
/* End PBXFileReference section */

/* Begin PBXFrameworksBuildPhase section */
		2860094E2A1E295600DF1548 /* Frameworks */ = {
			isa = PBXFrameworksBuildPhase;
			buildActionMask = 2147483647;
			files = (
			);
			runOnlyForDeploymentPostprocessing = 0;
		};
/* End PBXFrameworksBuildPhase section */

/* Begin PBXGroup section */
		28577CC42A2566F40084D5C7 /* View */ = {
			isa = PBXGroup;
			children = (
				286009562A1E295600DF1548 /* ContentView.swift */,
				28577CC72A2569330084D5C7 /* GirisView.swift */,
				28577CC92A25727A0084D5C7 /* LoadingView.swift */,
				28577CCD2A25C9ED0084D5C7 /* WeatherView.swift */,
			);
			path = View;
			sourceTree = "<group>";
		};
		28577CC52A2567020084D5C7 /* Model */ = {
			isa = PBXGroup;
			children = (
				28577CCF2A25CA660084D5C7 /* ModelData.swift */,
				28577CD12A25CB360084D5C7 /* weatherData.json */,
			);
			path = Model;
			sourceTree = "<group>";
		};
		28577CC62A25670A0084D5C7 /* ModelView */ = {
			isa = PBXGroup;
			children = (
				28577CD62A25E24A0084D5C7 /* WeatherInfoBlock.swift */,
			);
			path = ModelView;
			sourceTree = "<group>";
		};
		286009482A1E295600DF1548 = {
			isa = PBXGroup;
			children = (
				286009532A1E295600DF1548 /* WeatherApp */,
				286009522A1E295600DF1548 /* Products */,
			);
			sourceTree = "<group>";
		};
		286009522A1E295600DF1548 /* Products */ = {
			isa = PBXGroup;
			children = (
				286009512A1E295600DF1548 /* WeatherApp.app */,
			);
			name = Products;
			sourceTree = "<group>";
		};
		286009532A1E295600DF1548 /* WeatherApp */ = {
			isa = PBXGroup;
			children = (
				286009542A1E295600DF1548 /* WeatherAppApp.swift */,
				28577CD32A25CF710084D5C7 /* Extensions.swift */,
				28577CC62A25670A0084D5C7 /* ModelView */,
				28577CC52A2567020084D5C7 /* Model */,
				28577CC42A2566F40084D5C7 /* View */,
				286009622A1E2AA700DF1548 /* Location */,
				286009582A1E295800DF1548 /* Assets.xcassets */,
				2860095A2A1E295800DF1548 /* Preview Content */,
			);
			path = WeatherApp;
			sourceTree = "<group>";
		};
		2860095A2A1E295800DF1548 /* Preview Content */ = {
			isa = PBXGroup;
			children = (
				2860095B2A1E295800DF1548 /* Preview Assets.xcassets */,
			);
			path = "Preview Content";
			sourceTree = "<group>";
		};
		286009622A1E2AA700DF1548 /* Location */ = {
			isa = PBXGroup;
			children = (
				28577CC22A2566630084D5C7 /* GetLocation.swift */,
				28577CCB2A2573FC0084D5C7 /* APIManager.swift */,
			);
			path = Location;
			sourceTree = "<group>";
		};
/* End PBXGroup section */

/* Begin PBXNativeTarget section */
		286009502A1E295600DF1548 /* WeatherApp */ = {
			isa = PBXNativeTarget;
			buildConfigurationList = 2860095F2A1E295800DF1548 /* Build configuration list for PBXNativeTarget "WeatherApp" */;
			buildPhases = (
				2860094D2A1E295600DF1548 /* Sources */,
				2860094E2A1E295600DF1548 /* Frameworks */,
				2860094F2A1E295600DF1548 /* Resources */,
			);
			buildRules = (
			);
			dependencies = (
			);
			name = WeatherApp;
			productName = WeatherApp;
			productReference = 286009512A1E295600DF1548 /* WeatherApp.app */;
			productType = "com.apple.product-type.application";
		};
/* End PBXNativeTarget section */

/* Begin PBXProject section */
		286009492A1E295600DF1548 /* Project object */ = {
			isa = PBXProject;
			attributes = {
				BuildIndependentTargetsInParallel = 1;
				LastSwiftUpdateCheck = 1420;
				LastUpgradeCheck = 1420;
				TargetAttributes = {
					286009502A1E295600DF1548 = {
						CreatedOnToolsVersion = 14.2;
					};
				};
			};
			buildConfigurationList = 2860094C2A1E295600DF1548 /* Build configuration list for PBXProject "WeatherApp" */;
			compatibilityVersion = "Xcode 14.0";
			developmentRegion = en;
			hasScannedForEncodings = 0;
			knownRegions = (
				en,
				Base,
			);
			mainGroup = 286009482A1E295600DF1548;
			productRefGroup = 286009522A1E295600DF1548 /* Products */;
			projectDirPath = "";
			projectRoot = "";
			targets = (
				286009502A1E295600DF1548 /* WeatherApp */,
			);
		};
/* End PBXProject section */

/* Begin PBXResourcesBuildPhase section */
		2860094F2A1E295600DF1548 /* Resources */ = {
			isa = PBXResourcesBuildPhase;
			buildActionMask = 2147483647;
			files = (
				2860095C2A1E295800DF1548 /* Preview Assets.xcassets in Resources */,
				28577CD22A25CB360084D5C7 /* weatherData.json in Resources */,
				286009592A1E295800DF1548 /* Assets.xcassets in Resources */,
			);
			runOnlyForDeploymentPostprocessing = 0;
		};
/* End PBXResourcesBuildPhase section */

/* Begin PBXSourcesBuildPhase section */
		2860094D2A1E295600DF1548 /* Sources */ = {
			isa = PBXSourcesBuildPhase;
			buildActionMask = 2147483647;
			files = (
				28577CCC2A2573FC0084D5C7 /* APIManager.swift in Sources */,
				28577CD42A25CF710084D5C7 /* Extensions.swift in Sources */,
				28577CD72A25E24A0084D5C7 /* WeatherInfoBlock.swift in Sources */,
				28577CC32A2566630084D5C7 /* GetLocation.swift in Sources */,
				286009572A1E295600DF1548 /* ContentView.swift in Sources */,
				286009552A1E295600DF1548 /* WeatherAppApp.swift in Sources */,
				28577CCA2A25727A0084D5C7 /* LoadingView.swift in Sources */,
				28577CD02A25CA660084D5C7 /* ModelData.swift in Sources */,
				28577CCE2A25C9ED0084D5C7 /* WeatherView.swift in Sources */,
				28577CC82A2569330084D5C7 /* GirisView.swift in Sources */,
			);
			runOnlyForDeploymentPostprocessing = 0;
		};
/* End PBXSourcesBuildPhase section */

/* Begin XCBuildConfiguration section */
		2860095D2A1E295800DF1548 /* Debug */ = {
			isa = XCBuildConfiguration;
			buildSettings = {
				ALWAYS_SEARCH_USER_PATHS = NO;
				CLANG_ANALYZER_NONNULL = YES;
				CLANG_ANALYZER_NUMBER_OBJECT_CONVERSION = YES_AGGRESSIVE;
				CLANG_CXX_LANGUAGE_STANDARD = "gnu++20";
				CLANG_ENABLE_MODULES = YES;
				CLANG_ENABLE_OBJC_ARC = YES;
				CLANG_ENABLE_OBJC_WEAK = YES;
				CLANG_WARN_BLOCK_CAPTURE_AUTORELEASING = YES;
				CLANG_WARN_BOOL_CONVERSION = YES;
				CLANG_WARN_COMMA = YES;
				CLANG_WARN_CONSTANT_CONVERSION = YES;
				CLANG_WARN_DEPRECATED_OBJC_IMPLEMENTATIONS = YES;
				CLANG_WARN_DIRECT_OBJC_ISA_USAGE = YES_ERROR;
				CLANG_WARN_DOCUMENTATION_COMMENTS = YES;
				CLANG_WARN_EMPTY_BODY = YES;
				CLANG_WARN_ENUM_CONVERSION = YES;
				CLANG_WARN_INFINITE_RECURSION = YES;
				CLANG_WARN_INT_CONVERSION = YES;
				CLANG_WARN_NON_LITERAL_NULL_CONVERSION = YES;
				CLANG_WARN_OBJC_IMPLICIT_RETAIN_SELF = YES;
				CLANG_WARN_OBJC_LITERAL_CONVERSION = YES;
				CLANG_WARN_OBJC_ROOT_CLASS = YES_ERROR;
				CLANG_WARN_QUOTED_INCLUDE_IN_FRAMEWORK_HEADER = YES;
				CLANG_WARN_RANGE_LOOP_ANALYSIS = YES;
				CLANG_WARN_STRICT_PROTOTYPES = YES;
				CLANG_WARN_SUSPICIOUS_MOVE = YES;
				CLANG_WARN_UNGUARDED_AVAILABILITY = YES_AGGRESSIVE;
				CLANG_WARN_UNREACHABLE_CODE = YES;
				CLANG_WARN__DUPLICATE_METHOD_MATCH = YES;
				COPY_PHASE_STRIP = NO;
				DEBUG_INFORMATION_FORMAT = dwarf;
				ENABLE_STRICT_OBJC_MSGSEND = YES;
				ENABLE_TESTABILITY = YES;
				GCC_C_LANGUAGE_STANDARD = gnu11;
				GCC_DYNAMIC_NO_PIC = NO;
				GCC_NO_COMMON_BLOCKS = YES;
				GCC_OPTIMIZATION_LEVEL = 0;
				GCC_PREPROCESSOR_DEFINITIONS = (
					"DEBUG=1",
					"$(inherited)",
				);
				GCC_WARN_64_TO_32_BIT_CONVERSION = YES;
				GCC_WARN_ABOUT_RETURN_TYPE = YES_ERROR;
				GCC_WARN_UNDECLARED_SELECTOR = YES;
				GCC_WARN_UNINITIALIZED_AUTOS = YES_AGGRESSIVE;
				GCC_WARN_UNUSED_FUNCTION = YES;
				GCC_WARN_UNUSED_VARIABLE = YES;
				IPHONEOS_DEPLOYMENT_TARGET = 16.2;
				MTL_ENABLE_DEBUG_INFO = INCLUDE_SOURCE;
				MTL_FAST_MATH = YES;
				ONLY_ACTIVE_ARCH = YES;
				SDKROOT = iphoneos;
				SWIFT_ACTIVE_COMPILATION_CONDITIONS = DEBUG;
				SWIFT_OPTIMIZATION_LEVEL = "-Onone";
			};
			name = Debug;
		};
		2860095E2A1E295800DF1548 /* Release */ = {
			isa = XCBuildConfiguration;
			buildSettings = {
				ALWAYS_SEARCH_USER_PATHS = NO;
				CLANG_ANALYZER_NONNULL = YES;
				CLANG_ANALYZER_NUMBER_OBJECT_CONVERSION = YES_AGGRESSIVE;
				CLANG_CXX_LANGUAGE_STANDARD = "gnu++20";
				CLANG_ENABLE_MODULES = YES;
				CLANG_ENABLE_OBJC_ARC = YES;
				CLANG_ENABLE_OBJC_WEAK = YES;
				CLANG_WARN_BLOCK_CAPTURE_AUTORELEASING = YES;
				CLANG_WARN_BOOL_CONVERSION = YES;
				CLANG_WARN_COMMA = YES;
				CLANG_WARN_CONSTANT_CONVERSION = YES;
				CLANG_WARN_DEPRECATED_OBJC_IMPLEMENTATIONS = YES;
				CLANG_WARN_DIRECT_OBJC_ISA_USAGE = YES_ERROR;
				CLANG_WARN_DOCUMENTATION_COMMENTS = YES;
				CLANG_WARN_EMPTY_BODY = YES;
				CLANG_WARN_ENUM_CONVERSION = YES;
				CLANG_WARN_INFINITE_RECURSION = YES;
				CLANG_WARN_INT_CONVERSION = YES;
				CLANG_WARN_NON_LITERAL_NULL_CONVERSION = YES;
				CLANG_WARN_OBJC_IMPLICIT_RETAIN_SELF = YES;
				CLANG_WARN_OBJC_LITERAL_CONVERSION = YES;
				CLANG_WARN_OBJC_ROOT_CLASS = YES_ERROR;
				CLANG_WARN_QUOTED_INCLUDE_IN_FRAMEWORK_HEADER = YES;
				CLANG_WARN_RANGE_LOOP_ANALYSIS = YES;
				CLANG_WARN_STRICT_PROTOTYPES = YES;
				CLANG_WARN_SUSPICIOUS_MOVE = YES;
				CLANG_WARN_UNGUARDED_AVAILABILITY = YES_AGGRESSIVE;
				CLANG_WARN_UNREACHABLE_CODE = YES;
				CLANG_WARN__DUPLICATE_METHOD_MATCH = YES;
				COPY_PHASE_STRIP = NO;
				DEBUG_INFORMATION_FORMAT = "dwarf-with-dsym";
				ENABLE_NS_ASSERTIONS = NO;
				ENABLE_STRICT_OBJC_MSGSEND = YES;
				GCC_C_LANGUAGE_STANDARD = gnu11;
				GCC_NO_COMMON_BLOCKS = YES;
				GCC_WARN_64_TO_32_BIT_CONVERSION = YES;
				GCC_WARN_ABOUT_RETURN_TYPE = YES_ERROR;
				GCC_WARN_UNDECLARED_SELECTOR = YES;
				GCC_WARN_UNINITIALIZED_AUTOS = YES_AGGRESSIVE;
				GCC_WARN_UNUSED_FUNCTION = YES;
				GCC_WARN_UNUSED_VARIABLE = YES;
				IPHONEOS_DEPLOYMENT_TARGET = 16.2;
				MTL_ENABLE_DEBUG_INFO = NO;
				MTL_FAST_MATH = YES;
				SDKROOT = iphoneos;
				SWIFT_COMPILATION_MODE = wholemodule;
				SWIFT_OPTIMIZATION_LEVEL = "-O";
				VALIDATE_PRODUCT = YES;
			};
			name = Release;
		};
		286009602A1E295800DF1548 /* Debug */ = {
			isa = XCBuildConfiguration;
			buildSettings = {
				ASSETCATALOG_COMPILER_APPICON_NAME = AppIcon;
				ASSETCATALOG_COMPILER_GLOBAL_ACCENT_COLOR_NAME = AccentColor;
				CODE_SIGN_STYLE = Automatic;
				CURRENT_PROJECT_VERSION = 1;
				DEVELOPMENT_ASSET_PATHS = "\"WeatherApp/Preview Content\"";
				DEVELOPMENT_TEAM = KB48945YRG;
				ENABLE_PREVIEWS = YES;
				GENERATE_INFOPLIST_FILE = YES;
				INFOPLIST_KEY_UIApplicationSceneManifest_Generation = YES;
				INFOPLIST_KEY_UIApplicationSupportsIndirectInputEvents = YES;
				INFOPLIST_KEY_UILaunchScreen_Generation = YES;
				INFOPLIST_KEY_UISupportedInterfaceOrientations_iPad = "UIInterfaceOrientationPortrait UIInterfaceOrientationPortraitUpsideDown UIInterfaceOrientationLandscapeLeft UIInterfaceOrientationLandscapeRight";
				INFOPLIST_KEY_UISupportedInterfaceOrientations_iPhone = "UIInterfaceOrientationPortrait UIInterfaceOrientationLandscapeLeft UIInterfaceOrientationLandscapeRight";
				IPHONEOS_DEPLOYMENT_TARGET = 15.0;
				LD_RUNPATH_SEARCH_PATHS = (
					"$(inherited)",
					"@executable_path/Frameworks",
				);
				MARKETING_VERSION = 1.0;
				PRODUCT_BUNDLE_IDENTIFIER = com.SeydaBalci.WeatherApp;
				PRODUCT_NAME = "$(TARGET_NAME)";
				SWIFT_EMIT_LOC_STRINGS = YES;
				SWIFT_VERSION = 5.0;
				TARGETED_DEVICE_FAMILY = "1,2";
			};
			name = Debug;
		};
		286009612A1E295800DF1548 /* Release */ = {
			isa = XCBuildConfiguration;
			buildSettings = {
				ASSETCATALOG_COMPILER_APPICON_NAME = AppIcon;
				ASSETCATALOG_COMPILER_GLOBAL_ACCENT_COLOR_NAME = AccentColor;
				CODE_SIGN_STYLE = Automatic;
				CURRENT_PROJECT_VERSION = 1;
				DEVELOPMENT_ASSET_PATHS = "\"WeatherApp/Preview Content\"";
				DEVELOPMENT_TEAM = KB48945YRG;
				ENABLE_PREVIEWS = YES;
				GENERATE_INFOPLIST_FILE = YES;
				INFOPLIST_KEY_UIApplicationSceneManifest_Generation = YES;
				INFOPLIST_KEY_UIApplicationSupportsIndirectInputEvents = YES;
				INFOPLIST_KEY_UILaunchScreen_Generation = YES;
				INFOPLIST_KEY_UISupportedInterfaceOrientations_iPad = "UIInterfaceOrientationPortrait UIInterfaceOrientationPortraitUpsideDown UIInterfaceOrientationLandscapeLeft UIInterfaceOrientationLandscapeRight";
				INFOPLIST_KEY_UISupportedInterfaceOrientations_iPhone = "UIInterfaceOrientationPortrait UIInterfaceOrientationLandscapeLeft UIInterfaceOrientationLandscapeRight";
				IPHONEOS_DEPLOYMENT_TARGET = 15.0;
				LD_RUNPATH_SEARCH_PATHS = (
					"$(inherited)",
					"@executable_path/Frameworks",
				);
				MARKETING_VERSION = 1.0;
				PRODUCT_BUNDLE_IDENTIFIER = com.SeydaBalci.WeatherApp;
				PRODUCT_NAME = "$(TARGET_NAME)";
				SWIFT_EMIT_LOC_STRINGS = YES;
				SWIFT_VERSION = 5.0;
				TARGETED_DEVICE_FAMILY = "1,2";
			};
			name = Release;
		};
/* End XCBuildConfiguration section */

/* Begin XCConfigurationList section */
		2860094C2A1E295600DF1548 /* Build configuration list for PBXProject "WeatherApp" */ = {
			isa = XCConfigurationList;
			buildConfigurations = (
				2860095D2A1E295800DF1548 /* Debug */,
				2860095E2A1E295800DF1548 /* Release */,
			);
			defaultConfigurationIsVisible = 0;
			defaultConfigurationName = Release;
		};
		2860095F2A1E295800DF1548 /* Build configuration list for PBXNativeTarget "WeatherApp" */ = {
			isa = XCConfigurationList;
			buildConfigurations = (
				286009602A1E295800DF1548 /* Debug */,
				286009612A1E295800DF1548 /* Release */,
			);
			defaultConfigurationIsVisible = 0;
			defaultConfigurationName = Release;
		};
/* End XCConfigurationList section */
	};
	rootObject = 286009492A1E295600DF1548 /* Project object */;
}
